{
  "name": "message-board",
  "version": "1.0.0",
  "lockfileVersion": 1,
  "requires": true,
  "dependencies": {
    "@types/node": {
      "version": "14.14.35",
      "resolved": "https://resilientplc.jfrog.io/resilientplc/api/npm/npm/@types/node/-/node-14.14.35.tgz",
      "integrity": "sha1-QslTpOKxirkx9yR35wEhcvT/oxM=",
      "dev": true
    },
    "typescript": {
      "version": "4.2.3",
      "resolved": "https://resilientplc.jfrog.io/resilientplc/api/npm/npm/typescript/-/typescript-4.2.3.tgz",
      "integrity": "sha1-OQYtgBmRLUNyYpjwlJPVmASMHOM=",
      "dev": true
    }
  }
}
